{
  "lockfileVersion": 1,
  "workspaces": {
    "": {
      "name": "vaul-vue",
      "dependencies": {
        "reka-ui": "^2.5.0",
        "vue": "^3.5.21",
      },
    },
  },
  "packages": {
    "@babel/helper-string-parser": ["@babel/helper-string-parser@7.27.1", "", {}, "sha512-qMlSxKbpRlAridDExk92nSobyDdpPijUq2DW6oDnUqd0iOGxmQjyqhMIihI9+zv4LPyZdRje2cavWPbCbWm3eA=="],

    "@babel/helper-validator-identifier": ["@babel/helper-validator-identifier@7.27.1", "", {}, "sha512-D2hP9eA+Sqx1kBZgzxZh0y1trbuU+JoDkiEwqhQ36nodYqJwyEIhPSdMNd7lOm/4io72luTPWH20Yda0xOuUow=="],

    "@babel/parser": ["@babel/parser@7.28.4", "", { "dependencies": { "@babel/types": "^7.28.4" }, "bin": "./bin/babel-parser.js" }, "sha512-yZbBqeM6TkpP9du/I2pUZnJsRMGGvOuIrhjzC1AwHwW+6he4mni6Bp/m8ijn0iOuZuPI2BfkCoSRunpyjnrQKg=="],

    "@babel/types": ["@babel/types@7.28.4", "", { "dependencies": { "@babel/helper-string-parser": "^7.27.1", "@babel/helper-validator-identifier": "^7.27.1" } }, "sha512-bkFqkLhh3pMBUQQkpVgWDWq/lqzc2678eUyDlTBhRqhCHFguYYGM0Efga7tYk4TogG/3x0EEl66/OQ+WGbWB/Q=="],

    "@floating-ui/core": ["@floating-ui/core@1.7.3", "", { "dependencies": { "@floating-ui/utils": "^0.2.10" } }, "sha512-sGnvb5dmrJaKEZ+LDIpguvdX3bDlEllmv4/ClQ9awcmCZrlx5jQyyMWFM5kBI+EyNOCDDiKk8il0zeuX3Zlg/w=="],

    "@floating-ui/dom": ["@floating-ui/dom@1.7.4", "", { "dependencies": { "@floating-ui/core": "^1.7.3", "@floating-ui/utils": "^0.2.10" } }, "sha512-OOchDgh4F2CchOX94cRVqhvy7b3AFb+/rQXyswmzmGakRfkMgoWVjfnLWkRirfLEfuD4ysVW16eXzwt3jHIzKA=="],

    "@floating-ui/utils": ["@floating-ui/utils@0.2.10", "", {}, "sha512-aGTxbpbg8/b5JfU1HXSrbH3wXZuLPJcNEcZQFMxLs3oSzgtVu6nFPkbbGGUvBcUjKV2YyB9Wxxabo+HEH9tcRQ=="],

    "@floating-ui/vue": ["@floating-ui/vue@1.1.9", "", { "dependencies": { "@floating-ui/dom": "^1.7.4", "@floating-ui/utils": "^0.2.10", "vue-demi": ">=0.13.0" } }, "sha512-BfNqNW6KA83Nexspgb9DZuz578R7HT8MZw1CfK9I6Ah4QReNWEJsXWHN+SdmOVLNGmTPDi+fDT535Df5PzMLbQ=="],

    "@internationalized/date": ["@internationalized/date@3.9.0", "", { "dependencies": { "@swc/helpers": "^0.5.0" } }, "sha512-yaN3brAnHRD+4KyyOsJyk49XUvj2wtbNACSqg0bz3u8t2VuzhC8Q5dfRnrSxjnnbDb+ienBnkn1TzQfE154vyg=="],

    "@internationalized/number": ["@internationalized/number@3.6.5", "", { "dependencies": { "@swc/helpers": "^0.5.0" } }, "sha512-6hY4Kl4HPBvtfS62asS/R22JzNNy8vi/Ssev7x6EobfCp+9QIB2hKvI2EtbdJ0VSQacxVNtqhE/NmF/NZ0gm6g=="],

    "@jridgewell/sourcemap-codec": ["@jridgewell/sourcemap-codec@1.5.5", "", {}, "sha512-cYQ9310grqxueWbl+WuIUIaiUaDcj7WOq5fVhEljNVgRfOUhY9fy2zTvfoqWsnebh8Sl70VScFbICvJnLKB0Og=="],

    "@swc/helpers": ["@swc/helpers@0.5.17", "", { "dependencies": { "tslib": "^2.8.0" } }, "sha512-5IKx/Y13RsYd+sauPb2x+U/xZikHjolzfuDgTAl/Tdf3Q8rslRvC19NKDLgAJQ6wsqADk10ntlv08nPFw/gO/A=="],

    "@tanstack/virtual-core": ["@tanstack/virtual-core@3.13.12", "", {}, "sha512-1YBOJfRHV4sXUmWsFSf5rQor4Ss82G8dQWLRbnk3GA4jeP8hQt1hxXh0tmflpC0dz3VgEv/1+qwPyLeWkQuPFA=="],

    "@tanstack/vue-virtual": ["@tanstack/vue-virtual@3.13.12", "", { "dependencies": { "@tanstack/virtual-core": "3.13.12" }, "peerDependencies": { "vue": "^2.7.0 || ^3.0.0" } }, "sha512-vhF7kEU9EXWXh+HdAwKJ2m3xaOnTTmgcdXcF2pim8g4GvI7eRrk2YRuV5nUlZnd/NbCIX4/Ja2OZu5EjJL06Ww=="],

    "@types/web-bluetooth": ["@types/web-bluetooth@0.0.21", "", {}, "sha512-oIQLCGWtcFZy2JW77j9k8nHzAOpqMHLQejDA48XXMWH6tjCQHz5RCFz1bzsmROyL6PUm+LLnUiI4BCn221inxA=="],

    "@vue/compiler-core": ["@vue/compiler-core@3.5.21", "", { "dependencies": { "@babel/parser": "^7.28.3", "@vue/shared": "3.5.21", "entities": "^4.5.0", "estree-walker": "^2.0.2", "source-map-js": "^1.2.1" } }, "sha512-8i+LZ0vf6ZgII5Z9XmUvrCyEzocvWT+TeR2VBUVlzIH6Tyv57E20mPZ1bCS+tbejgUgmjrEh7q/0F0bibskAmw=="],

    "@vue/compiler-dom": ["@vue/compiler-dom@3.5.21", "", { "dependencies": { "@vue/compiler-core": "3.5.21", "@vue/shared": "3.5.21" } }, "sha512-jNtbu/u97wiyEBJlJ9kmdw7tAr5Vy0Aj5CgQmo+6pxWNQhXZDPsRr1UWPN4v3Zf82s2H3kF51IbzZ4jMWAgPlQ=="],

    "@vue/compiler-sfc": ["@vue/compiler-sfc@3.5.21", "", { "dependencies": { "@babel/parser": "^7.28.3", "@vue/compiler-core": "3.5.21", "@vue/compiler-dom": "3.5.21", "@vue/compiler-ssr": "3.5.21", "@vue/shared": "3.5.21", "estree-walker": "^2.0.2", "magic-string": "^0.30.18", "postcss": "^8.5.6", "source-map-js": "^1.2.1" } }, "sha512-SXlyk6I5eUGBd2v8Ie7tF6ADHE9kCR6mBEuPyH1nUZ0h6Xx6nZI29i12sJKQmzbDyr2tUHMhhTt51Z6blbkTTQ=="],

    "@vue/compiler-ssr": ["@vue/compiler-ssr@3.5.21", "", { "dependencies": { "@vue/compiler-dom": "3.5.21", "@vue/shared": "3.5.21" } }, "sha512-vKQ5olH5edFZdf5ZrlEgSO1j1DMA4u23TVK5XR1uMhvwnYvVdDF0nHXJUblL/GvzlShQbjhZZ2uvYmDlAbgo9w=="],

    "@vue/reactivity": ["@vue/reactivity@3.5.21", "", { "dependencies": { "@vue/shared": "3.5.21" } }, "sha512-3ah7sa+Cwr9iiYEERt9JfZKPw4A2UlbY8RbbnH2mGCE8NwHkhmlZt2VsH0oDA3P08X3jJd29ohBDtX+TbD9AsA=="],

    "@vue/runtime-core": ["@vue/runtime-core@3.5.21", "", { "dependencies": { "@vue/reactivity": "3.5.21", "@vue/shared": "3.5.21" } }, "sha512-+DplQlRS4MXfIf9gfD1BOJpk5RSyGgGXD/R+cumhe8jdjUcq/qlxDawQlSI8hCKupBlvM+3eS1se5xW+SuNAwA=="],

    "@vue/runtime-dom": ["@vue/runtime-dom@3.5.21", "", { "dependencies": { "@vue/reactivity": "3.5.21", "@vue/runtime-core": "3.5.21", "@vue/shared": "3.5.21", "csstype": "^3.1.3" } }, "sha512-3M2DZsOFwM5qI15wrMmNF5RJe1+ARijt2HM3TbzBbPSuBHOQpoidE+Pa+XEaVN+czbHf81ETRoG1ltztP2em8w=="],

    "@vue/server-renderer": ["@vue/server-renderer@3.5.21", "", { "dependencies": { "@vue/compiler-ssr": "3.5.21", "@vue/shared": "3.5.21" }, "peerDependencies": { "vue": "3.5.21" } }, "sha512-qr8AqgD3DJPJcGvLcJKQo2tAc8OnXRcfxhOJCPF+fcfn5bBGz7VCcO7t+qETOPxpWK1mgysXvVT/j+xWaHeMWA=="],

    "@vue/shared": ["@vue/shared@3.5.21", "", {}, "sha512-+2k1EQpnYuVuu3N7atWyG3/xoFWIVJZq4Mz8XNOdScFI0etES75fbny/oU4lKWk/577P1zmg0ioYvpGEDZ3DLw=="],

    "@vueuse/core": ["@vueuse/core@12.8.2", "", { "dependencies": { "@types/web-bluetooth": "^0.0.21", "@vueuse/metadata": "12.8.2", "@vueuse/shared": "12.8.2", "vue": "^3.5.13" } }, "sha512-HbvCmZdzAu3VGi/pWYm5Ut+Kd9mn1ZHnn4L5G8kOQTPs/IwIAmJoBrmYk2ckLArgMXZj0AW3n5CAejLUO+PhdQ=="],

    "@vueuse/metadata": ["@vueuse/metadata@12.8.2", "", {}, "sha512-rAyLGEuoBJ/Il5AmFHiziCPdQzRt88VxR+Y/A/QhJ1EWtWqPBBAxTAFaSkviwEuOEZNtW8pvkPgoCZQ+HxqW1A=="],

    "@vueuse/shared": ["@vueuse/shared@12.8.2", "", { "dependencies": { "vue": "^3.5.13" } }, "sha512-dznP38YzxZoNloI0qpEfpkms8knDtaoQ6Y/sfS0L7Yki4zh40LFHEhur0odJC6xTHG5dxWVPiUWBXn+wCG2s5w=="],

    "aria-hidden": ["aria-hidden@1.2.6", "", { "dependencies": { "tslib": "^2.0.0" } }, "sha512-ik3ZgC9dY/lYVVM++OISsaYDeg1tb0VtP5uL3ouh1koGOaUMDPpbFIei4JkFimWUFPn90sbMNMXQAIVOlnYKJA=="],

    "csstype": ["csstype@3.1.3", "", {}, "sha512-M1uQkMl8rQK/szD0LNhtqxIPLpimGm8sOBwU7lLnCpSbTyY3yeU1Vc7l4KT5zT4s/yOxHH5O7tIuuLOCnLADRw=="],

    "defu": ["defu@6.1.4", "", {}, "sha512-mEQCMmwJu317oSz8CwdIOdwf3xMif1ttiM8LTufzc3g6kR+9Pe236twL8j3IYT1F7GfRgGcW6MWxzZjLIkuHIg=="],

    "entities": ["entities@4.5.0", "", {}, "sha512-V0hjH4dGPh9Ao5p0MoRY6BVqtwCjhz6vI5LT8AJ55H+4g9/4vbHx1I54fS0XuclLhDHArPQCiMjDxjaL8fPxhw=="],

    "estree-walker": ["estree-walker@2.0.2", "", {}, "sha512-Rfkk/Mp/DL7JVje3u18FxFujQlTNR2q6QfMSMB7AvCBx91NGj/ba3kCfza0f6dVDbw7YlRf/nDrn7pQrCCyQ/w=="],

    "magic-string": ["magic-string@0.30.19", "", { "dependencies": { "@jridgewell/sourcemap-codec": "^1.5.5" } }, "sha512-2N21sPY9Ws53PZvsEpVtNuSW+ScYbQdp4b9qUaL+9QkHUrGFKo56Lg9Emg5s9V/qrtNBmiR01sYhUOwu3H+VOw=="],

    "nanoid": ["nanoid@3.3.11", "", { "bin": { "nanoid": "bin/nanoid.cjs" } }, "sha512-N8SpfPUnUp1bK+PMYW8qSWdl9U+wwNWI4QKxOYDy9JAro3WMX7p2OeVRF9v+347pnakNevPmiHhNmZ2HbFA76w=="],

    "ohash": ["ohash@2.0.11", "", {}, "sha512-RdR9FQrFwNBNXAr4GixM8YaRZRJ5PUWbKYbE5eOsrwAjJW0q2REGcf79oYPsLyskQCZG1PLN+S/K1V00joZAoQ=="],

    "picocolors": ["picocolors@1.1.1", "", {}, "sha512-xceH2snhtb5M9liqDsmEw56le376mTZkEX/jEb/RxNFyegNul7eNslCXP9FDj/Lcu0X8KEyMceP2ntpaHrDEVA=="],

    "postcss": ["postcss@8.5.6", "", { "dependencies": { "nanoid": "^3.3.11", "picocolors": "^1.1.1", "source-map-js": "^1.2.1" } }, "sha512-3Ybi1tAuwAP9s0r1UQ2J4n5Y0G05bJkpUIO0/bI9MhwmD70S5aTWbXGBwxHrelT+XM1k6dM0pk+SwNkpTRN7Pg=="],

    "reka-ui": ["reka-ui@2.5.0", "", { "dependencies": { "@floating-ui/dom": "^1.6.13", "@floating-ui/vue": "^1.1.6", "@internationalized/date": "^3.5.0", "@internationalized/number": "^3.5.0", "@tanstack/vue-virtual": "^3.12.0", "@vueuse/core": "^12.5.0", "@vueuse/shared": "^12.5.0", "aria-hidden": "^1.2.4", "defu": "^6.1.4", "ohash": "^2.0.11" }, "peerDependencies": { "vue": ">= 3.2.0" } }, "sha512-81aMAmJeVCy2k0E6x7n1kypDY6aM1ldLis5+zcdV1/JtoAlSDck5OBsyLRJU9CfgbrQp1ImnRnBSmC4fZ2fkZQ=="],

    "source-map-js": ["source-map-js@1.2.1", "", {}, "sha512-UXWMKhLOwVKb728IUtQPXxfYU+usdybtUrK/8uGE8CQMvrhOpwvzDBwj0QhSL7MQc7vIsISBG8VQ8+IDQxpfQA=="],

    "tslib": ["tslib@2.8.1", "", {}, "sha512-oJFu94HQb+KVduSUQL7wnpmqnfmLsOA/nAh6b6EH0wCEoK0/mPeXU6c3wKDV83MkOuHPRHtSXKKU99IBazS/2w=="],

    "typescript": ["typescript@5.9.2", "", { "bin": { "tsc": "bin/tsc", "tsserver": "bin/tsserver" } }, "sha512-CWBzXQrc/qOkhidw1OzBTQuYRbfyxDXJMVJ1XNwUHGROVmuaeiEm3OslpZ1RV96d7SKKjZKrSJu3+t/xlw3R9A=="],

    "vue": ["vue@3.5.21", "", { "dependencies": { "@vue/compiler-dom": "3.5.21", "@vue/compiler-sfc": "3.5.21", "@vue/runtime-dom": "3.5.21", "@vue/server-renderer": "3.5.21", "@vue/shared": "3.5.21" }, "peerDependencies": { "typescript": "*" }, "optionalPeers": ["typescript"] }, "sha512-xxf9rum9KtOdwdRkiApWL+9hZEMWE90FHh8yS1+KJAiWYh+iGWV1FquPjoO9VUHQ+VIhsCXNNyZ5Sf4++RVZBA=="],

    "vue-demi": ["vue-demi@0.14.10", "", { "peerDependencies": { "@vue/composition-api": "^1.0.0-rc.1", "vue": "^3.0.0-0 || ^2.6.0" }, "optionalPeers": ["@vue/composition-api"], "bin": { "vue-demi-fix": "bin/vue-demi-fix.js", "vue-demi-switch": "bin/vue-demi-switch.js" } }, "sha512-nMZBOwuzabUO0nLgIcc6rycZEebF6eeUfaiQx9+WSk8e29IbLvPU9feI6tqW4kTo3hvoYAJkMh8n8D0fuISphg=="],
  }
}
